
Microsoft Visual Studio Solution File, Format Version 12.00
# Visual Studio 15
VisualStudioVersion = 15.0.28307.271
MinimumVisualStudioVersion = 10.0.40219.1
Project("{FAE04EC0-301F-11D3-BF4B-00C04F79EFBC}") = "Compressor.ConsoleApp", "Compressor.ConsoleApp\Compressor.ConsoleApp.csproj", "{AFD9161B-899E-47C7-928A-FF82EB53016A}"
EndProject
Global
	GlobalSection(SolutionConfigurationPlatforms) = preSolution
		Debug|Any CPU = Debug|Any CPU
		Release|Any CPU = Release|Any CPU
	EndGlobalSection
	GlobalSection(ProjectConfigurationPlatforms) = postSolution
		{AFD9161B-899E-47C7-928A-FF82EB53016A}.Debug|Any CPU.ActiveCfg = Debug|Any CPU
		{AFD9161B-899E-47C7-928A-FF82EB53016A}.Debug|Any CPU.Build.0 = Debug|Any CPU
		{AFD9161B-899E-47C7-928A-FF82EB53016A}.Release|Any CPU.ActiveCfg = Release|Any CPU
		{AFD9161B-899E-47C7-928A-FF82EB53016A}.Release|Any CPU.Build.0 = Release|Any CPU
	EndGlobalSection
	GlobalSection(SolutionProperties) = preSolution
		HideSolutionNode = FALSE
	EndGlobalSection
	GlobalSection(ExtensibilityGlobals) = postSolution
		SolutionGuid = {B07940CE-9494-4FF7-BF91-8845FA188B2E}
	EndGlobalSection
EndGlobal
